
Microsoft Visual Studio Solution File, Format Version 12.00
# Visual Studio Version 16
VisualStudioVersion = 16.0.29911.84
MinimumVisualStudioVersion = 10.0.40219.1
Project("{FAE04EC0-301F-11D3-BF4B-00C04F79EFBC}") = "ProcessBouncerService", "ProcessBouncerService.csproj", "{063C9717-3713-46E6-83F5-0BA92C03272E}"
EndProject
Global
	GlobalSection(SolutionConfigurationPlatforms) = preSolution
		Debug|Any CPU = Debug|Any CPU
		Release|Any CPU = Release|Any CPU
	EndGlobalSection
	GlobalSection(ProjectConfigurationPlatforms) = postSolution
		{063C9717-3713-46E6-83F5-0BA92C03272E}.Debug|Any CPU.ActiveCfg = Debug|Any CPU
		{063C9717-3713-46E6-83F5-0BA92C03272E}.Debug|Any CPU.Build.0 = Debug|Any CPU
		{063C9717-3713-46E6-83F5-0BA92C03272E}.Release|Any CPU.ActiveCfg = Release|Any CPU
		{063C9717-3713-46E6-83F5-0BA92C03272E}.Release|Any CPU.Build.0 = Release|Any CPU
	EndGlobalSection
	GlobalSection(SolutionProperties) = preSolution
		HideSolutionNode = FALSE
	EndGlobalSection
	GlobalSection(ExtensibilityGlobals) = postSolution
		SolutionGuid = {A38B366C-B4C2-4542-BDDF-44194FA47F90}
	EndGlobalSection
EndGlobal
