
Microsoft Visual Studio Solution File, Format Version 12.00
# Visual Studio Version 16
VisualStudioVersion = 16.0.29911.84
MinimumVisualStudioVersion = 10.0.40219.1
Project("{FAE04EC0-301F-11D3-BF4B-00C04F79EFBC}") = "ProcessBouncerGUI", "ProcessBouncerGUI.csproj", "{1AB6DBD2-F525-4DAE-B605-2757309C0141}"
EndProject
Global
	GlobalSection(SolutionConfigurationPlatforms) = preSolution
		Debug|Any CPU = Debug|Any CPU
		Release|Any CPU = Release|Any CPU
	EndGlobalSection
	GlobalSection(ProjectConfigurationPlatforms) = postSolution
		{1AB6DBD2-F525-4DAE-B605-2757309C0141}.Debug|Any CPU.ActiveCfg = Debug|Any CPU
		{1AB6DBD2-F525-4DAE-B605-2757309C0141}.Debug|Any CPU.Build.0 = Debug|Any CPU
		{1AB6DBD2-F525-4DAE-B605-2757309C0141}.Release|Any CPU.ActiveCfg = Release|Any CPU
		{1AB6DBD2-F525-4DAE-B605-2757309C0141}.Release|Any CPU.Build.0 = Release|Any CPU
	EndGlobalSection
	GlobalSection(SolutionProperties) = preSolution
		HideSolutionNode = FALSE
	EndGlobalSection
	GlobalSection(ExtensibilityGlobals) = postSolution
		SolutionGuid = {0869B2FC-0EAD-4F42-88FF-0F3498478D75}
	EndGlobalSection
EndGlobal
